# This file is automatically @generated by Cargo.
# It is not intended for manual editing.
[[package]]
name = "ansi_term"
version = "0.11.0"
source = "registry+https://github.com/rust-lang/crates.io-index"
checksum = "ee49baf6cb617b853aa8d93bf420db2383fab46d314482ca2803b40d5fde979b"
dependencies = [
 "winapi",
]

[[package]]
name = "arrayvec"
version = "0.5.1"
source = "registry+https://github.com/rust-lang/crates.io-index"
checksum = "cff77d8686867eceff3105329d4698d96c2391c176d5d03adc90c7389162b5b8"

[[package]]
name = "atty"
version = "0.2.14"
source = "registry+https://github.com/rust-lang/crates.io-index"
checksum = "d9b39be18770d11421cdb1b9947a45dd3f37e93092cbf377614828a319d5fee8"
dependencies = [
 "hermit-abi",
 "libc",
 "winapi",
]

[[package]]
name = "autocfg"
version = "1.0.1"
source = "registry+https://github.com/rust-lang/crates.io-index"
checksum = "cdb031dd78e28731d87d56cc8ffef4a8f36ca26c38fe2de700543e627f8a464a"

[[package]]
name = "av-scenechange"
version = "0.4.2"
dependencies = [
 "arrayvec",
 "clap",
 "libc",
 "nasm-rs",
 "num-traits",
 "paste",
 "serde",
 "serde_json",
 "v_frame",
 "y4m",
]

[[package]]
name = "bitflags"
version = "1.2.1"
source = "registry+https://github.com/rust-lang/crates.io-index"
checksum = "cf1de2fe8c75bc145a2f577add951f8134889b4795d47466a54a5c846d691693"

[[package]]
name = "cfg-if"
version = "0.1.10"
source = "registry+https://github.com/rust-lang/crates.io-index"
checksum = "4785bdd1c96b2a846b2bd7cc02e86b6b3dbf14e7e53446c4f54c92a361040822"

[[package]]
name = "clap"
version = "2.33.3"
source = "registry+https://github.com/rust-lang/crates.io-index"
checksum = "37e58ac78573c40708d45522f0d80fa2f01cc4f9b4e2bf749807255454312002"
dependencies = [
 "ansi_term",
 "atty",
 "bitflags",
 "strsim",
 "textwrap",
 "unicode-width",
 "vec_map",
]

[[package]]
name = "hermit-abi"
version = "0.1.17"
source = "registry+https://github.com/rust-lang/crates.io-index"
checksum = "5aca5565f760fb5b220e499d72710ed156fdb74e631659e99377d9ebfbd13ae8"
dependencies = [
 "libc",
]

[[package]]
name = "itoa"
version = "0.4.6"
source = "registry+https://github.com/rust-lang/crates.io-index"
checksum = "dc6f3ad7b9d11a0c00842ff8de1b60ee58661048eb8049ed33c73594f359d7e6"

[[package]]
name = "libc"
version = "0.2.80"
source = "registry+https://github.com/rust-lang/crates.io-index"
checksum = "4d58d1b70b004888f764dfbf6a26a3b0342a1632d33968e4a179d8011c760614"

[[package]]
name = "nasm-rs"
version = "0.2.0"
source = "registry+https://github.com/rust-lang/crates.io-index"
checksum = "a76f43faa0d13f9c89f72e1972446d558f003cfffb80eb16bb444231de1becd1"
dependencies = [
 "arrayvec",
]

[[package]]
name = "noop_proc_macro"
version = "0.2.1"
source = "registry+https://github.com/rust-lang/crates.io-index"
checksum = "5ff36f3ca83b4b06a6080c42f67d97a8b0f009224d7db3a87744ff2e33a0c146"

[[package]]
name = "num-derive"
version = "0.3.2"
source = "registry+https://github.com/rust-lang/crates.io-index"
checksum = "6f09b9841adb6b5e1f89ef7087ea636e0fd94b2851f887c1e3eb5d5f8228fab3"
dependencies = [
 "proc-macro2",
 "quote",
 "syn",
]

[[package]]
name = "num-traits"
version = "0.2.12"
source = "registry+https://github.com/rust-lang/crates.io-index"
checksum = "ac267bcc07f48ee5f8935ab0d24f316fb722d7a1292e2913f0cc196b29ffd611"
dependencies = [
 "autocfg",
]

[[package]]
name = "paste"
version = "1.0.2"
source = "registry+https://github.com/rust-lang/crates.io-index"
checksum = "ba7ae1a2180ed02ddfdb5ab70c70d596a26dd642e097bb6fe78b1bde8588ed97"

[[package]]
name = "proc-macro2"
version = "1.0.24"
source = "registry+https://github.com/rust-lang/crates.io-index"
checksum = "1e0704ee1a7e00d7bb417d0770ea303c1bccbabf0ef1667dae92b5967f5f8a71"
dependencies = [
 "unicode-xid",
]

[[package]]
name = "quote"
version = "1.0.7"
source = "registry+https://github.com/rust-lang/crates.io-index"
checksum = "aa563d17ecb180e500da1cfd2b028310ac758de548efdd203e18f283af693f37"
dependencies = [
 "proc-macro2",
]

[[package]]
name = "ryu"
version = "1.0.5"
source = "registry+https://github.com/rust-lang/crates.io-index"
checksum = "71d301d4193d031abdd79ff7e3dd721168a9572ef3fe51a1517aba235bd8f86e"

[[package]]
name = "serde"
version = "1.0.117"
source = "registry+https://github.com/rust-lang/crates.io-index"
checksum = "b88fa983de7720629c9387e9f517353ed404164b1e482c970a90c1a4aaf7dc1a"
dependencies = [
 "serde_derive",
]

[[package]]
name = "serde_derive"
version = "1.0.117"
source = "registry+https://github.com/rust-lang/crates.io-index"
checksum = "cbd1ae72adb44aab48f325a02444a5fc079349a8d804c1fc922aed3f7454c74e"
dependencies = [
 "proc-macro2",
 "quote",
 "syn",
]

[[package]]
name = "serde_json"
version = "1.0.59"
source = "registry+https://github.com/rust-lang/crates.io-index"
checksum = "dcac07dbffa1c65e7f816ab9eba78eb142c6d44410f4eeba1e26e4f5dfa56b95"
dependencies = [
 "itoa",
 "ryu",
 "serde",
]

[[package]]
name = "strsim"
version = "0.8.0"
source = "registry+https://github.com/rust-lang/crates.io-index"
checksum = "8ea5119cdb4c55b55d432abb513a0429384878c15dde60cc77b1c99de1a95a6a"

[[package]]
name = "syn"
version = "1.0.48"
source = "registry+https://github.com/rust-lang/crates.io-index"
checksum = "cc371affeffc477f42a221a1e4297aedcea33d47d19b61455588bd9d8f6b19ac"
dependencies = [
 "proc-macro2",
 "quote",
 "unicode-xid",
]

[[package]]
name = "textwrap"
version = "0.11.0"
source = "registry+https://github.com/rust-lang/crates.io-index"
checksum = "d326610f408c7a4eb6f51c37c330e496b08506c9457c9d34287ecc38809fb060"
dependencies = [
 "unicode-width",
]

[[package]]
name = "unicode-width"
version = "0.1.8"
source = "registry+https://github.com/rust-lang/crates.io-index"
checksum = "9337591893a19b88d8d87f2cec1e73fad5cdfd10e5a6f349f498ad6ea2ffb1e3"

[[package]]
name = "unicode-xid"
version = "0.2.1"
source = "registry+https://github.com/rust-lang/crates.io-index"
checksum = "f7fe0bb3479651439c9112f72b6c505038574c9fbb575ed1bf3b797fa39dd564"

[[package]]
name = "v_frame"
version = "0.1.0"
source = "registry+https://github.com/rust-lang/crates.io-index"
checksum = "b7b2be1a8136ee3f6c319ab5c4e4b4c02891e7701d358798213392a7109a2d9e"
dependencies = [
 "cfg-if",
 "noop_proc_macro",
 "num-derive",
 "num-traits",
]

[[package]]
name = "vec_map"
version = "0.8.2"
source = "registry+https://github.com/rust-lang/crates.io-index"
checksum = "f1bddf1187be692e79c5ffeab891132dfb0f236ed36a43c7ed39f1165ee20191"

[[package]]
name = "winapi"
version = "0.3.9"
source = "registry+https://github.com/rust-lang/crates.io-index"
checksum = "5c839a674fcd7a98952e593242ea400abe93992746761e38641405d28b00f419"
dependencies = [
 "winapi-i686-pc-windows-gnu",
 "winapi-x86_64-pc-windows-gnu",
]

[[package]]
name = "winapi-i686-pc-windows-gnu"
version = "0.4.0"
source = "registry+https://github.com/rust-lang/crates.io-index"
checksum = "ac3b87c63620426dd9b991e5ce0329eff545bccbbb34f3be09ff6fb6ab51b7b6"

[[package]]
name = "winapi-x86_64-pc-windows-gnu"
version = "0.4.0"
source = "registry+https://github.com/rust-lang/crates.io-index"
checksum = "712e227841d057c1ee1cd2fb22fa7e5a5461ae8e48fa2ca79ec42cfc1931183f"

[[package]]
name = "y4m"
version = "0.7.0"
source = "registry+https://github.com/rust-lang/crates.io-index"
checksum = "a72a9921af8237fe25097a1ae31c92a05c1d39b2454653ad48f2f407cf7a0dae"
